// !$*UTF8*$!
{
	archiveVersion = 1;
	classes = {
	};
	objectVersion = 46;
	objects = {

/* Begin PBXBuildFile section */
		4D0033BA19BF0AEF00867AFF /* AppDelegate.swift in Sources */ = {isa = PBXBuildFile; fileRef = 4D0033B919BF0AEF00867AFF /* AppDelegate.swift */; };
		4D0033BC19BF0AEF00867AFF /* ViewController.swift in Sources */ = {isa = PBXBuildFile; fileRef = 4D0033BB19BF0AEF00867AFF /* ViewController.swift */; };
		4D0033BF19BF0AEF00867AFF /* Main.storyboard in Resources */ = {isa = PBXBuildFile; fileRef = 4D0033BD19BF0AEF00867AFF /* Main.storyboard */; };
		4D0033C119BF0AEF00867AFF /* Images.xcassets in Resources */ = {isa = PBXBuildFile; fileRef = 4D0033C019BF0AEF00867AFF /* Images.xcassets */; };
		4D0033CD19BF0AEF00867AFF /* PostcardTests.swift in Sources */ = {isa = PBXBuildFile; fileRef = 4D0033CC19BF0AEF00867AFF /* PostcardTests.swift */; };
/* End PBXBuildFile section */

/* Begin PBXContainerItemProxy section */
		4D0033C719BF0AEF00867AFF /* PBXContainerItemProxy */ = {
			isa = PBXContainerItemProxy;
			containerPortal = 4D0033AC19BF0AEF00867AFF /* Project object */;
			proxyType = 1;
			remoteGlobalIDString = 4D0033B319BF0AEF00867AFF;
			remoteInfo = Postcard;
		};
/* End PBXContainerItemProxy section */

/* Begin PBXFileReference section */
		4D0033B419BF0AEF00867AFF /* Postcard.app */ = {isa = PBXFileReference; explicitFileType = wrapper.application; includeInIndex = 0; path = Postcard.app; sourceTree = BUILT_PRODUCTS_DIR; };
		4D0033B819BF0AEF00867AFF /* Info.plist */ = {isa = PBXFileReference; lastKnownFileType = text.plist.xml; path = Info.plist; sourceTree = "<group>"; };
		4D0033B919BF0AEF00867AFF /* AppDelegate.swift */ = {isa = PBXFileReference; lastKnownFileType = sourcecode.swift; path = AppDelegate.swift; sourceTree = "<group>"; };
		4D0033BB19BF0AEF00867AFF /* ViewController.swift */ = {isa = PBXFileReference; lastKnownFileType = sourcecode.swift; path = ViewController.swift; sourceTree = "<group>"; };
		4D0033BE19BF0AEF00867AFF /* Base */ = {isa = PBXFileReference; lastKnownFileType = file.storyboard; name = Base; path = Base.lproj/Main.storyboard; sourceTree = "<group>"; };
		4D0033C019BF0AEF00867AFF /* Images.xcassets */ = {isa = PBXFileReference; lastKnownFileType = folder.assetcatalog; path = Images.xcassets; sourceTree = "<group>"; };
		4D0033C619BF0AEF00867AFF /* PostcardTests.xctest */ = {isa = PBXFileReference; explicitFileType = wrapper.cfbundle; includeInIndex = 0; path = PostcardTests.xctest; sourceTree = BUILT_PRODUCTS_DIR; };
		4D0033CB19BF0AEF00867AFF /* Info.plist */ = {isa = PBXFileReference; lastKnownFileType = text.plist.xml; path = Info.plist; sourceTree = "<group>"; };
		4D0033CC19BF0AEF00867AFF /* PostcardTests.swift */ = {isa = PBXFileReference; lastKnownFileType = sourcecode.swift; path = PostcardTests.swift; sourceTree = "<group>"; };
/* End PBXFileReference section */

/* Begin PBXFrameworksBuildPhase section */
		4D0033B119BF0AEF00867AFF /* Frameworks */ = {
			isa = PBXFrameworksBuildPhase;
			buildActionMask = 2147483647;
			files = (
			);
			runOnlyForDeploymentPostprocessing = 0;
		};
		4D0033C319BF0AEF00867AFF /* Frameworks */ = {
			isa = PBXFrameworksBuildPhase;
			buildActionMask = 2147483647;
			files = (
			);
			runOnlyForDeploymentPostprocessing = 0;
		};
/* End PBXFrameworksBuildPhase section */

/* Begin PBXGroup section */
		4D0033AB19BF0AEF00867AFF = {
			isa = PBXGroup;
			children = (
				4D0033B619BF0AEF00867AFF /* Postcard */,
				4D0033C919BF0AEF00867AFF /* PostcardTests */,
				4D0033B519BF0AEF00867AFF /* Products */,
			);
			sourceTree = "<group>";
		};
		4D0033B519BF0AEF00867AFF /* Products */ = {
			isa = PBXGroup;
			children = (
				4D0033B419BF0AEF00867AFF /* Postcard.app */,
				4D0033C619BF0AEF00867AFF /* PostcardTests.xctest */,
			);
			name = Products;
			sourceTree = "<group>";
		};
		4D0033B619BF0AEF00867AFF /* Postcard */ = {
			isa = PBXGroup;
			children = (
				4D0033B919BF0AEF00867AFF /* AppDelegate.swift */,
				4D0033BB19BF0AEF00867AFF /* ViewController.swift */,
				4D0033BD19BF0AEF00867AFF /* Main.storyboard */,
				4D0033C019BF0AEF00867AFF /* Images.xcassets */,
				4D0033B719BF0AEF00867AFF /* Supporting Files */,
			);
			path = Postcard;
			sourceTree = "<group>";
		};
		4D0033B719BF0AEF00867AFF /* Supporting Files */ = {
			isa = PBXGroup;
			children = (
				4D0033B819BF0AEF00867AFF /* Info.plist */,
			);
			name = "Supporting Files";
			sourceTree = "<group>";
		};
		4D0033C919BF0AEF00867AFF /* PostcardTests */ = {
			isa = PBXGroup;
			children = (
				4D0033CC19BF0AEF00867AFF /* PostcardTests.swift */,
				4D0033CA19BF0AEF00867AFF /* Supporting Files */,
			);
			path = PostcardTests;
			sourceTree = "<group>";
		};
		4D0033CA19BF0AEF00867AFF /* Supporting Files */ = {
			isa = PBXGroup;
			children = (
				4D0033CB19BF0AEF00867AFF /* Info.plist */,
			);
			name = "Supporting Files";
			sourceTree = "<group>";
		};
/* End PBXGroup section */

/* Begin PBXNativeTarget section */
		4D0033B319BF0AEF00867AFF /* Postcard */ = {
			isa = PBXNativeTarget;
			buildConfigurationList = 4D0033D019BF0AEF00867AFF /* Build configuration list for PBXNativeTarget "Postcard" */;
			buildPhases = (
				4D0033B019BF0AEF00867AFF /* Sources */,
				4D0033B119BF0AEF00867AFF /* Frameworks */,
				4D0033B219BF0AEF00867AFF /* Resources */,
			);
			buildRules = (
			);
			dependencies = (
			);
			name = Postcard;
			productName = Postcard;
			productReference = 4D0033B419BF0AEF00867AFF /* Postcard.app */;
			productType = "com.apple.product-type.application";
		};
		4D0033C519BF0AEF00867AFF /* PostcardTests */ = {
			isa = PBXNativeTarget;
			buildConfigurationList = 4D0033D319BF0AEF00867AFF /* Build configuration list for PBXNativeTarget "PostcardTests" */;
			buildPhases = (
				4D0033C219BF0AEF00867AFF /* Sources */,
				4D0033C319BF0AEF00867AFF /* Frameworks */,
				4D0033C419BF0AEF00867AFF /* Resources */,
			);
			buildRules = (
			);
			dependencies = (
				4D0033C819BF0AEF00867AFF /* PBXTargetDependency */,
			);
			name = PostcardTests;
			productName = PostcardTests;
			productReference = 4D0033C619BF0AEF00867AFF /* PostcardTests.xctest */;
			productType = "com.apple.product-type.bundle.unit-test";
		};
/* End PBXNativeTarget section */

/* Begin PBXProject section */
		4D0033AC19BF0AEF00867AFF /* Project object */ = {
			isa = PBXProject;
			attributes = {
				LastUpgradeCheck = 0600;
				ORGANIZATIONNAME = Afterwire;
				TargetAttributes = {
					4D0033B319BF0AEF00867AFF = {
						CreatedOnToolsVersion = 6.0;
					};
					4D0033C519BF0AEF00867AFF = {
						CreatedOnToolsVersion = 6.0;
						TestTargetID = 4D0033B319BF0AEF00867AFF;
					};
				};
			};
			buildConfigurationList = 4D0033AF19BF0AEF00867AFF /* Build configuration list for PBXProject "Postcard" */;
			compatibilityVersion = "Xcode 3.2";
			developmentRegion = English;
			hasScannedForEncodings = 0;
			knownRegions = (
				en,
				Base,
			);
			mainGroup = 4D0033AB19BF0AEF00867AFF;
			productRefGroup = 4D0033B519BF0AEF00867AFF /* Products */;
			projectDirPath = "";
			projectRoot = "";
			targets = (
				4D0033B319BF0AEF00867AFF /* Postcard */,
				4D0033C519BF0AEF00867AFF /* PostcardTests */,
			);
		};
/* End PBXProject section */

/* Begin PBXResourcesBuildPhase section */
		4D0033B219BF0AEF00867AFF /* Resources */ = {
			isa = PBXResourcesBuildPhase;
			buildActionMask = 2147483647;
			files = (
				4D0033BF19BF0AEF00867AFF /* Main.storyboard in Resources */,
				4D0033C119BF0AEF00867AFF /* Images.xcassets in Resources */,
			);
			runOnlyForDeploymentPostprocessing = 0;
		};
		4D0033C419BF0AEF00867AFF /* Resources */ = {
			isa = PBXResourcesBuildPhase;
			buildActionMask = 2147483647;
			files = (
			);
			runOnlyForDeploymentPostprocessing = 0;
		};
/* End PBXResourcesBuildPhase section */

/* Begin PBXSourcesBuildPhase section */
		4D0033B019BF0AEF00867AFF /* Sources */ = {
			isa = PBXSourcesBuildPhase;
			buildActionMask = 2147483647;
			files = (
				4D0033BC19BF0AEF00867AFF /* ViewController.swift in Sources */,
				4D0033BA19BF0AEF00867AFF /* AppDelegate.swift in Sources */,
			);
			runOnlyForDeploymentPostprocessing = 0;
		};
		4D0033C219BF0AEF00867AFF /* Sources */ = {
			isa = PBXSourcesBuildPhase;
			buildActionMask = 2147483647;
			files = (
				4D0033CD19BF0AEF00867AFF /* PostcardTests.swift in Sources */,
			);
			runOnlyForDeploymentPostprocessing = 0;
		};
/* End PBXSourcesBuildPhase section */

/* Begin PBXTargetDependency section */
		4D0033C819BF0AEF00867AFF /* PBXTargetDependency */ = {
			isa = PBXTargetDependency;
			target = 4D0033B319BF0AEF00867AFF /* Postcard */;
			targetProxy = 4D0033C719BF0AEF00867AFF /* PBXContainerItemProxy */;
		};
/* End PBXTargetDependency section */

/* Begin PBXVariantGroup section */
		4D0033BD19BF0AEF00867AFF /* Main.storyboard */ = {
			isa = PBXVariantGroup;
			children = (
				4D0033BE19BF0AEF00867AFF /* Base */,
			);
			name = Main.storyboard;
			sourceTree = "<group>";
		};
/* End PBXVariantGroup section */

/* Begin XCBuildConfiguration section */
		4D0033CE19BF0AEF00867AFF /* Debug */ = {
			isa = XCBuildConfiguration;
			buildSettings = {
				ALWAYS_SEARCH_USER_PATHS = NO;
				CLANG_CXX_LANGUAGE_STANDARD = "gnu++0x";
				CLANG_CXX_LIBRARY = "libc++";
				CLANG_ENABLE_MODULES = YES;
				CLANG_ENABLE_OBJC_ARC = YES;
				CLANG_WARN_BOOL_CONVERSION = YES;
				CLANG_WARN_CONSTANT_CONVERSION = YES;
				CLANG_WARN_DIRECT_OBJC_ISA_USAGE = YES_ERROR;
				CLANG_WARN_EMPTY_BODY = YES;
				CLANG_WARN_ENUM_CONVERSION = YES;
				CLANG_WARN_INT_CONVERSION = YES;
				CLANG_WARN_OBJC_ROOT_CLASS = YES_ERROR;
				CLANG_WARN_UNREACHABLE_CODE = YES;
				CLANG_WARN__DUPLICATE_METHOD_MATCH = YES;
				"CODE_SIGN_IDENTITY[sdk=iphoneos*]" = "iPhone Developer";
				COPY_PHASE_STRIP = NO;
				ENABLE_STRICT_OBJC_MSGSEND = YES;
				GCC_C_LANGUAGE_STANDARD = gnu99;
				GCC_DYNAMIC_NO_PIC = NO;
				GCC_OPTIMIZATION_LEVEL = 0;
				GCC_PREPROCESSOR_DEFINITIONS = (
					"DEBUG=1",
					"$(inherited)",
				);
				GCC_SYMBOLS_PRIVATE_EXTERN = NO;
				GCC_WARN_64_TO_32_BIT_CONVERSION = YES;
				GCC_WARN_ABOUT_RETURN_TYPE = YES_ERROR;
				GCC_WARN_UNDECLARED_SELECTOR = YES;
				GCC_WARN_UNINITIALIZED_AUTOS = YES_AGGRESSIVE;
				GCC_WARN_UNUSED_FUNCTION = YES;
				GCC_WARN_UNUSED_VARIABLE = YES;
				IPHONEOS_DEPLOYMENT_TARGET = 8.0;
				MTL_ENABLE_DEBUG_INFO = YES;
				ONLY_ACTIVE_ARCH = YES;
				SDKROOT = iphoneos;
				SWIFT_OPTIMIZATION_LEVEL = "-Onone";
			};
			name = Debug;
		};
		4D0033CF19BF0AEF00867AFF /* Release */ = {
			isa = XCBuildConfiguration;
			buildSettings = {
				ALWAYS_SEARCH_USER_PATHS = NO;
				CLANG_CXX_LANGUAGE_STANDARD = "gnu++0x";
				CLANG_CXX_LIBRARY = "libc++";
				CLANG_ENABLE_MODULES = YES;
				CLANG_ENABLE_OBJC_ARC = YES;
				CLANG_WARN_BOOL_CONVERSION = YES;
				CLANG_WARN_CONSTANT_CONVERSION = YES;
				CLANG_WARN_DIRECT_OBJC_ISA_USAGE = YES_ERROR;
				CLANG_WARN_EMPTY_BODY = YES;
				CLANG_WARN_ENUM_CONVERSION = YES;
				CLANG_WARN_INT_CONVERSION = YES;
				CLANG_WARN_OBJC_ROOT_CLASS = YES_ERROR;
				CLANG_WARN_UNREACHABLE_CODE = YES;
				CLANG_WARN__DUPLICATE_METHOD_MATCH = YES;
				"CODE_SIGN_IDENTITY[sdk=iphoneos*]" = "iPhone Developer";
				COPY_PHASE_STRIP = YES;
				ENABLE_NS_ASSERTIONS = NO;
				ENABLE_STRICT_OBJC_MSGSEND = YES;
				GCC_C_LANGUAGE_STANDARD = gnu99;
				GCC_WARN_64_TO_32_BIT_CONVERSION = YES;
				GCC_WARN_ABOUT_RETURN_TYPE = YES_ERROR;
				GCC_WARN_UNDECLARED_SELECTOR = YES;
				GCC_WARN_UNINITIALIZED_AUTOS = YES_AGGRESSIVE;
				GCC_WARN_UNUSED_FUNCTION = YES;
				GCC_WARN_UNUSED_VARIABLE = YES;
				IPHONEOS_DEPLOYMENT_TARGET = 8.0;
				MTL_ENABLE_DEBUG_INFO = NO;
				SDKROOT = iphoneos;
				VALIDATE_PRODUCT = YES;
			};
			name = Release;
		};
		4D0033D119BF0AEF00867AFF /* Debug */ = {
			isa = XCBuildConfiguration;
			buildSettings = {
				ASSETCATALOG_COMPILER_APPICON_NAME = AppIcon;
				ASSETCATALOG_COMPILER_LAUNCHIMAGE_NAME = LaunchImage;
				INFOPLIST_FILE = Postcard/Info.plist;
				LD_RUNPATH_SEARCH_PATHS = "$(inherited) @executable_path/Frameworks";
				PRODUCT_NAME = "$(TARGET_NAME)";
			};
			name = Debug;
		};
		4D0033D219BF0AEF00867AFF /* Release */ = {
			isa = XCBuildConfiguration;
			buildSettings = {
				ASSETCATALOG_COMPILER_APPICON_NAME = AppIcon;
				ASSETCATALOG_COMPILER_LAUNCHIMAGE_NAME = LaunchImage;
				INFOPLIST_FILE = Postcard/Info.plist;
				LD_RUNPATH_SEARCH_PATHS = "$(inherited) @executable_path/Frameworks";
				PRODUCT_NAME = "$(TARGET_NAME)";
			};
			name = Release;
		};
		4D0033D419BF0AEF00867AFF /* Debug */ = {
			isa = XCBuildConfiguration;
			buildSettings = {
				BUNDLE_LOADER = "$(TEST_HOST)";
				FRAMEWORK_SEARCH_PATHS = (
					"$(SDKROOT)/Developer/Library/Frameworks",
					"$(inherited)",
				);
				GCC_PREPROCESSOR_DEFINITIONS = (
					"DEBUG=1",
					"$(inherited)",
				);
				INFOPLIST_FILE = PostcardTests/Info.plist;
				LD_RUNPATH_SEARCH_PATHS = "$(inherited) @executable_path/Frameworks @loader_path/Frameworks";
				PRODUCT_NAME = "$(TARGET_NAME)";
				TEST_HOST = "$(BUILT_PRODUCTS_DIR)/Postcard.app/Postcard";
			};
			name = Debug;
		};
		4D0033D519BF0AEF00867AFF /* Release */ = {
			isa = XCBuildConfiguration;
			buildSettings = {
				BUNDLE_LOADER = "$(TEST_HOST)";
				FRAMEWORK_SEARCH_PATHS = (
					"$(SDKROOT)/Developer/Library/Frameworks",
					"$(inherited)",
				);
				INFOPLIST_FILE = PostcardTests/Info.plist;
				LD_RUNPATH_SEARCH_PATHS = "$(inherited) @executable_path/Frameworks @loader_path/Frameworks";
				PRODUCT_NAME = "$(TARGET_NAME)";
				TEST_HOST = "$(BUILT_PRODUCTS_DIR)/Postcard.app/Postcard";
			};
			name = Release;
		};
/* End XCBuildConfiguration section */

/* Begin XCConfigurationList section */
		4D0033AF19BF0AEF00867AFF /* Build configuration list for PBXProject "Postcard" */ = {
			isa = XCConfigurationList;
			buildConfigurations = (
				4D0033CE19BF0AEF00867AFF /* Debug */,
				4D0033CF19BF0AEF00867AFF /* Release */,
			);
			defaultConfigurationIsVisible = 0;
			defaultConfigurationName = Release;
		};
		4D0033D019BF0AEF00867AFF /* Build configuration list for PBXNativeTarget "Postcard" */ = {
			isa = XCConfigurationList;
			buildConfigurations = (
				4D0033D119BF0AEF00867AFF /* Debug */,
				4D0033D219BF0AEF00867AFF /* Release */,
			);
			defaultConfigurationIsVisible = 0;
		};
		4D0033D319BF0AEF00867AFF /* Build configuration list for PBXNativeTarget "PostcardTests" */ = {
			isa = XCConfigurationList;
			buildConfigurations = (
				4D0033D419BF0AEF00867AFF /* Debug */,
				4D0033D519BF0AEF00867AFF /* Release */,
			);
			defaultConfigurationIsVisible = 0;
		};
/* End XCConfigurationList section */
	};
	rootObject = 4D0033AC19BF0AEF00867AFF /* Project object */;
}
